;;; tur.lock -- generated by tur. Do not edit by hand.
;;; Commit this file to version control for reproducible builds.

(deflockfile
  :format-version 1
  :spices #{
  }
  :cmake-deps #{
    "raylib" #{:url "https://github.com/raysan5/raylib" :ref "5.5" :resolved "c1ab645ca298a2801097931d1079b10ff7eb9df8" :sha256 "c1ab645ca298a2801097931d1079b10ff7eb9df8" :fetched-at "2026-08-28T10:13:28Z" }
  })
