;;; tur.lock -- generated by tur. Do not edit by hand.
;;; Commit this file to version control for reproducible builds.

(deflockfile
  :format-version 1
  :spices #{
    "test" #{:url "https://github.com/rjungemann/turmeric-spices" :ref "test-v0.1.0" :resolved "ecba1f005249ea3baa95f5a8438a3e3ab4fc5c64" :sha256 "e1796103d2ca8fac583954211392195f67e241160b3321e21d3226e0af573466" :fetched-at "2026-08-28T09:59:08Z" }
  }
  :cmake-deps #{
    "zlib" #{:url "https://github.com/madler/zlib" :ref "v1.3.1" :resolved "51b7f2abdade71cd9bb0e7a373ef2610ec6f9daf" :sha256 "51b7f2abdade71cd9bb0e7a373ef2610ec6f9daf" :fetched-at "2026-08-28T09:59:13Z" }
  })
