;;; tur.lock -- generated by tur. Do not edit by hand.
;;; Commit this file to version control for reproducible builds.

(deflockfile
  :format-version 1
  :spices #{
    "test" #{:url "https://github.com/rjungemann/turmeric-spices" :ref "test-v0.1.0" :resolved "ecba1f005249ea3baa95f5a8438a3e3ab4fc5c64" :sha256 "293c9900ff1855fec288dbbcba6d93eaf4a7d47b51691e0c7b36b65f1e43698f" :fetched-at "2026-08-28T10:02:54Z" }
  }
  :cmake-deps #{
    "raylib" #{:url "https://github.com/raysan5/raylib" :ref "5.5" :resolved "c1ab645ca298a2801097931d1079b10ff7eb9df8" :sha256 "c1ab645ca298a2801097931d1079b10ff7eb9df8" :fetched-at "2026-08-28T10:03:31Z" }
  })
