;;; tur.lock -- generated by tur. Do not edit by hand.
;;; Commit this file to version control for reproducible builds.

(deflockfile
  :format-version 1
  :spices #{
    "test" #{:url "https://github.com/rjungemann/turmeric-spices" :ref "test-v0.1.0" :resolved "ecba1f005249ea3baa95f5a8438a3e3ab4fc5c64" :sha256 "34d284712afccdb530d22efca0a9de35d818b8348fb2536bf2f4579687cf5f83" :fetched-at "2026-06-17T03:49:55Z" }
  }
  :cmake-deps #{
    "yyjson" #{:url "https://github.com/ibireme/yyjson" :ref "0.10.0" :resolved "9ddba001a4ea88e93b46932e5c5b87b222e19a5f" :sha256 "9ddba001a4ea88e93b46932e5c5b87b222e19a5f" :fetched-at "2026-06-17T03:49:58Z" }
  })
