;;; tur.lock -- generated by tur. Do not edit by hand.
;;; Commit this file to version control for reproducible builds.

(deflockfile
  :format-version 1
  :spices #{
  }
  :cmake-deps #{
    "hiredis" #{:url "https://github.com/redis/hiredis" :ref "v1.2.0" :resolved "60e5075d4ac77424809f855ba3e398df7aacefe8" :sha256 "60e5075d4ac77424809f855ba3e398df7aacefe8" :fetched-at "2026-08-28T10:13:35Z" }
    "mbedtls" #{:url "https://github.com/Mbed-TLS/mbedtls" :ref "v3.6.2" :resolved "107ea89daaefb9867ea9121002fbbdf926780e98" :sha256 "107ea89daaefb9867ea9121002fbbdf926780e98" :fetched-at "2026-08-28T10:13:35Z" }
    "yyjson" #{:url "https://github.com/ibireme/yyjson" :ref "0.10.0" :resolved "9ddba001a4ea88e93b46932e5c5b87b222e19a5f" :sha256 "9ddba001a4ea88e93b46932e5c5b87b222e19a5f" :fetched-at "2026-08-28T10:13:35Z" }
  })
