;;; tur.lock -- generated by tur. Do not edit by hand.
;;; Commit this file to version control for reproducible builds.

(deflockfile
  :format-version 1
  :spices #{
  }
  :cmake-deps #{
    "sqlite3" #{:url "https://github.com/sqlite/sqlite" :ref "version-3.47.2" :resolved "262de1bebb0647eb6fa6a2b0434111c7d831a14d" :sha256 "262de1bebb0647eb6fa6a2b0434111c7d831a14d" :fetched-at "2026-08-28T10:05:23Z" }
  })
