;;; tur.lock -- generated by tur. Do not edit by hand.
;;; Commit this file to version control for reproducible builds.

(deflockfile
  :format-version 1
  :spices #{
    "ansi" #{:url "https://github.com/rjungemann/turmeric-spices" :ref "ansi-v0.1.4" :resolved "aa44d12f756d0b1732fede57ecc40a9c9f806150" :sha256 "efe4ea952d01caf5423fe8d74cafa01c850bcf8864d0f2d0b87d1c9ed9efd0e3" :fetched-at "2026-05-29T17:02:20Z" }
    "png" #{:url "https://github.com/rjungemann/turmeric-spices" :ref "main" :resolved "736610623e3f099a67f6ba10081a7a6362a0a471" :sha256 "c47953ca41a10f4ad90652c367e681cbc1a816d301e25dc530e12415a88d2d6b" :fetched-at "2026-05-29T17:02:23Z" :transitive ["test@test-v0.1.0"] }
    "watch" #{:url "https://github.com/rjungemann/turmeric-spices" :ref "main" :resolved "0000000000000000000000000000000000000000" :sha256 "0000000000000000000000000000000000000000000000000000000000000000" :fetched-at "2026-05-29T17:07:00Z" }
  }
  :cmake-deps #{
  })
