;;; tur.lock -- generated by tur. Do not edit by hand.
;;; Commit this file to version control for reproducible builds.

(deflockfile
  :format-version 1
  :spices #{
  }
  :cmake-deps #{
    "plutovg" #{:url "https://github.com/sammycage/plutovg" :ref "v1.3.3" :resolved "bbd91f0d06a71491691b36330f29dffa4af87ccf" :sha256 "bbd91f0d06a71491691b36330f29dffa4af87ccf" :fetched-at "2026-05-24T03:54:55Z" }
  })
