;;; tur.lock -- generated by tur. Do not edit by hand.
;;; Commit this file to version control for reproducible builds.

(deflockfile
  :format-version 1
  :spices #{
    "test" #{:url "https://github.com/rjungemann/turmeric-spices" :ref "test-v0.1.0" :resolved "ecba1f005249ea3baa95f5a8438a3e3ab4fc5c64" :sha256 "37e466af0d6d410936985a0aba2d36b98796280a44ab670a6271f9234b78f820" :fetched-at "2026-07-21T08:52:44Z" }
  }
  :cmake-deps #{
  })
