;;; tur.lock -- generated by tur. Do not edit by hand.
;;; Commit this file to version control for reproducible builds.

(deflockfile
  :format-version 1
  :spices #{
    "plutovg" #{:url "https://github.com/rjungemann/turmeric-spices" :ref "plutovg-v0.1.0" :resolved "ecba1f005249ea3baa95f5a8438a3e3ab4fc5c64" :sha256 "624cc86dfbc4d55636a68458ab401dac8206e2cc00828f3b2612cd5639ab26c4" :fetched-at "2026-05-31T18:43:58Z" :transitive ["test@test-v0.1.0"] }
    "test" #{:url "https://github.com/rjungemann/turmeric-spices" :ref "test-v0.1.0" :resolved "ecba1f005249ea3baa95f5a8438a3e3ab4fc5c64" :sha256 "e7ddd676324f3428bc8aa930e599781cd76af8d6de9623661163cdbf42c8ce89" :fetched-at "2026-05-31T18:44:00Z" }
  }
  :cmake-deps #{
  })
