;;; tur.lock -- generated by tur. Do not edit by hand.
;;; Commit this file to version control for reproducible builds.

(deflockfile
  :format-version 1
  :spices #{
    "plutovg" #{:url "https://github.com/rjungemann/turmeric-spices" :ref "plutovg-v0.1.0" :resolved "ecba1f005249ea3baa95f5a8438a3e3ab4fc5c64" :sha256 "3822b8b11fb99e0d4a4a4377d60486ae0c745fd0806b49d97c3782c4c08bcf28" :fetched-at "2026-06-20T09:41:26Z" :transitive ["test@test-v0.1.0"] }
    "test" #{:url "https://github.com/rjungemann/turmeric-spices" :ref "test-v0.1.0" :resolved "ecba1f005249ea3baa95f5a8438a3e3ab4fc5c64" :sha256 "860d9bdf0582161fd9332502d344bc5cdf9f4e8c848d5e4f102ed48335b87e89" :fetched-at "2026-06-20T09:41:26Z" }
  }
  :cmake-deps #{
    "plutovg" #{:url "https://github.com/sammycage/plutovg" :ref "v1.3.3" :resolved "bbd91f0d06a71491691b36330f29dffa4af87ccf" :sha256 "bbd91f0d06a71491691b36330f29dffa4af87ccf" :fetched-at "2026-06-20T09:41:29Z" }
  })
