;;; tur.lock -- generated by tur. Do not edit by hand.
;;; Commit this file to version control for reproducible builds.

(deflockfile
  :format-version 1
  :spices #{
  }
  :cmake-deps #{
    "mbedtls" #{:url "https://github.com/Mbed-TLS/mbedtls" :ref "v3.6.2" :resolved "107ea89daaefb9867ea9121002fbbdf926780e98" :sha256 "107ea89daaefb9867ea9121002fbbdf926780e98" :fetched-at "2026-06-23T22:15:00Z" }
    "yyjson" #{:url "https://github.com/ibireme/yyjson" :ref "0.10.0" :resolved "9ddba001a4ea88e93b46932e5c5b87b222e19a5f" :sha256 "9ddba001a4ea88e93b46932e5c5b87b222e19a5f" :fetched-at "2026-06-23T22:15:00Z" }
  })
