;;; tur.lock -- generated by tur. Do not edit by hand.
;;; Commit this file to version control for reproducible builds.

(deflockfile
  :format-version 1
  :spices #{
  }
  :cmake-deps #{
    "rtaudio" #{:url "https://github.com/thestk/rtaudio" :ref "6.0.1" :resolved "b4f04903312e0e0efffbe77655172e0f060dc085" :sha256 "b4f04903312e0e0efffbe77655172e0f060dc085" :fetched-at "2026-08-28T10:03:51Z" }
  })
